version = 1
revision = 3
requires-python = ">=3.13"

[[package]]
name = "altgraph"
version = "0.17.5"
source = { registry = "https://pypi.org/simple" }
sdist = { url = "https://files.pythonhosted.org/packages/7e/f8/97fdf103f38fed6792a1601dbc16cc8aac56e7459a9fff08c812d8ae177a/altgraph-0.17.5.tar.gz", hash = "sha256:c87b395dd12fabde9c99573a9749d67da8d29ef9de0125c7f536699b4a9bc9e7", size = 48428, upload-time = "2025-11-21T20:35:50.583Z" }
wheels = [
    { url = "https://files.pythonhosted.org/packages/a9/ba/000a1996d4308bc65120167c21241a3b205464a2e0b58deda26ae8ac21d1/altgraph-0.17.5-py2.py3-none-any.whl", hash = "sha256:f3a22400bce1b0c701683820ac4f3b159cd301acab067c51c653e06961600597", size = 21228, upload-time = "2025-11-21T20:35:49.444Z" },
]

[[package]]
name = "astroid"
version = "4.0.2"
source = { registry = "https://pypi.org/simple" }
sdist = { url = "https://files.pythonhosted.org/packages/b7/22/97df040e15d964e592d3a180598ace67e91b7c559d8298bdb3c949dc6e42/astroid-4.0.2.tar.gz", hash = "sha256:ac8fb7ca1c08eb9afec91ccc23edbd8ac73bb22cbdd7da1d488d9fb8d6579070", size = 405714, upload-time = "2025-11-09T21:21:18.373Z" }
wheels = [
    { url = "https://files.pythonhosted.org/packages/93/ac/a85b4bfb4cf53221513e27f33cc37ad158fce02ac291d18bee6b49ab477d/astroid-4.0.2-py3-none-any.whl", hash = "sha256:d7546c00a12efc32650b19a2bb66a153883185d3179ab0d4868086f807338b9b", size = 276354, upload-time = "2025-11-09T21:21:16.54Z" },
]

[[package]]
name = "colorama"
version = "0.4.6"
source = { registry = "https://pypi.org/simple" }
sdist = { url = "https://files.pythonhosted.org/packages/d8/53/6f443c9a4a8358a93a6792e2acffb9d9d5cb0a5cfd8802644b7b1c9a02e4/colorama-0.4.6.tar.gz", hash = "sha256:08695f5cb7ed6e0531a20572697297273c47b8cae5a63ffc6d6ed5c201be6e44", size = 27697, upload-time = "2022-10-25T02:36:22.414Z" }
wheels = [
    { url = "https://files.pythonhosted.org/packages/d1/d6/3965ed04c63042e047cb6a3e6ed1a63a35087b6a609aa3a15ed8ac56c221/colorama-0.4.6-py2.py3-none-any.whl", hash = "sha256:4f1d9991f5acc0ca119f9d443620b77f9d6b33703e51011c16baf57afb285fc6", size = 25335, upload-time = "2022-10-25T02:36:20.889Z" },
]

[[package]]
name = "dill"
version = "0.4.0"
source = { registry = "https://pypi.org/simple" }
sdist = { url = "https://files.pythonhosted.org/packages/12/80/630b4b88364e9a8c8c5797f4602d0f76ef820909ee32f0bacb9f90654042/dill-0.4.0.tar.gz", hash = "sha256:0633f1d2df477324f53a895b02c901fb961bdbf65a17122586ea7019292cbcf0", size = 186976, upload-time = "2025-04-16T00:41:48.867Z" }
wheels = [
    { url = "https://files.pythonhosted.org/packages/50/3d/9373ad9c56321fdab5b41197068e1d8c25883b3fea29dd361f9b55116869/dill-0.4.0-py3-none-any.whl", hash = "sha256:44f54bf6412c2c8464c14e8243eb163690a9800dbe2c367330883b19c7561049", size = 119668, upload-time = "2025-04-16T00:41:47.671Z" },
]

[[package]]
name = "gitcollector"
version = "0.1.0"
source = { virtual = "." }
dependencies = [
    { name = "termcolor" },
]

[package.dev-dependencies]
dev = [
    { name = "pyinstaller" },
    { name = "pylint" },
    { name = "pytest" },
]

[package.metadata]
requires-dist = [{ name = "termcolor", specifier = ">=3.2.0" }]

[package.metadata.requires-dev]
dev = [
    { name = "pyinstaller", specifier = ">=6.17.0" },
    { name = "pylint", specifier = ">=4.0.4" },
    { name = "pytest", specifier = ">=9.0.2" },
]

[[package]]
name = "iniconfig"
version = "2.3.0"
source = { registry = "https://pypi.org/simple" }
sdist = { url = "https://files.pythonhosted.org/packages/72/34/14ca021ce8e5dfedc35312d08ba8bf51fdd999c576889fc2c24cb97f4f10/iniconfig-2.3.0.tar.gz", hash = "sha256:c76315c77db068650d49c5b56314774a7804df16fee4402c1f19d6d15d8c4730", size = 20503, upload-time = "2025-10-18T21:55:43.219Z" }
wheels = [
    { url = "https://files.pythonhosted.org/packages/cb/b1/3846dd7f199d53cb17f49cba7e651e9ce294d8497c8c150530ed11865bb8/iniconfig-2.3.0-py3-none-any.whl", hash = "sha256:f631c04d2c48c52b84d0d0549c99ff3859c98df65b3101406327ecc7d53fbf12", size = 7484, upload-time = "2025-10-18T21:55:41.639Z" },
]

[[package]]
name = "isort"
version = "7.0.0"
source = { registry = "https://pypi.org/simple" }
sdist = { url = "https://files.pythonhosted.org/packages/63/53/4f3c058e3bace40282876f9b553343376ee687f3c35a525dc79dbd450f88/isort-7.0.0.tar.gz", hash = "sha256:5513527951aadb3ac4292a41a16cbc50dd1642432f5e8c20057d414bdafb4187", size = 805049, upload-time = "2025-10-11T13:30:59.107Z" }
wheels = [
    { url = "https://files.pythonhosted.org/packages/7f/ed/e3705d6d02b4f7aea715a353c8ce193efd0b5db13e204df895d38734c244/isort-7.0.0-py3-none-any.whl", hash = "sha256:1bcabac8bc3c36c7fb7b98a76c8abb18e0f841a3ba81decac7691008592499c1", size = 94672, upload-time = "2025-10-11T13:30:57.665Z" },
]

[[package]]
name = "macholib"
version = "1.16.4"
source = { registry = "https://pypi.org/simple" }
dependencies = [
    { name = "altgraph" },
]
sdist = { url = "https://files.pythonhosted.org/packages/10/2f/97589876ea967487978071c9042518d28b958d87b17dceb7cdc1d881f963/macholib-1.16.4.tar.gz", hash = "sha256:f408c93ab2e995cd2c46e34fe328b130404be143469e41bc366c807448979362", size = 59427, upload-time = "2025-11-22T08:28:38.373Z" }
wheels = [
    { url = "https://files.pythonhosted.org/packages/c7/d1/a9f36f8ecdf0fb7c9b1e78c8d7af12b8c8754e74851ac7b94a8305540fc7/macholib-1.16.4-py2.py3-none-any.whl", hash = "sha256:da1a3fa8266e30f0ce7e97c6a54eefaae8edd1e5f86f3eb8b95457cae90265ea", size = 38117, upload-time = "2025-11-22T08:28:36.939Z" },
]

[[package]]
name = "mccabe"
version = "0.7.0"
source = { registry = "https://pypi.org/simple" }
sdist = { url = "https://files.pythonhosted.org/packages/e7/ff/0ffefdcac38932a54d2b5eed4e0ba8a408f215002cd178ad1df0f2806ff8/mccabe-0.7.0.tar.gz", hash = "sha256:348e0240c33b60bbdf4e523192ef919f28cb2c3d7d5c7794f74009290f236325", size = 9658, upload-time = "2022-01-24T01:14:51.113Z" }
wheels = [
    { url = "https://files.pythonhosted.org/packages/27/1a/1f68f9ba0c207934b35b86a8ca3aad8395a3d6dd7921c0686e23853ff5a9/mccabe-0.7.0-py2.py3-none-any.whl", hash = "sha256:6c2d30ab6be0e4a46919781807b4f0d834ebdd6c6e3dca0bda5a15f863427b6e", size = 7350, upload-time = "2022-01-24T01:14:49.62Z" },
]

[[package]]
name = "packaging"
version = "25.0"
source = { registry = "https://pypi.org/simple" }
sdist = { url = "https://files.pythonhosted.org/packages/a1/d4/1fc4078c65507b51b96ca8f8c3ba19e6a61c8253c72794544580a7b6c24d/packaging-25.0.tar.gz", hash = "sha256:d443872c98d677bf60f6a1f2f8c1cb748e8fe762d2bf9d3148b5599295b0fc4f", size = 165727, upload-time = "2025-04-19T11:48:59.673Z" }
wheels = [
    { url = "https://files.pythonhosted.org/packages/20/12/38679034af332785aac8774540895e234f4d07f7545804097de4b666afd8/packaging-25.0-py3-none-any.whl", hash = "sha256:29572ef2b1f17581046b3a2227d5c611fb25ec70ca1ba8554b24b0e69331a484", size = 66469, upload-time = "2025-04-19T11:48:57.875Z" },
]

[[package]]
name = "pefile"
version = "2024.8.26"
source = { registry = "https://pypi.org/simple" }
sdist = { url = "https://files.pythonhosted.org/packages/03/4f/2750f7f6f025a1507cd3b7218691671eecfd0bbebebe8b39aa0fe1d360b8/pefile-2024.8.26.tar.gz", hash = "sha256:3ff6c5d8b43e8c37bb6e6dd5085658d658a7a0bdcd20b6a07b1fcfc1c4e9d632", size = 76008, upload-time = "2024-08-26T20:58:38.155Z" }
wheels = [
    { url = "https://files.pythonhosted.org/packages/54/16/12b82f791c7f50ddec566873d5bdd245baa1491bac11d15ffb98aecc8f8b/pefile-2024.8.26-py3-none-any.whl", hash = "sha256:76f8b485dcd3b1bb8166f1128d395fa3d87af26360c2358fb75b80019b957c6f", size = 74766, upload-time = "2024-08-26T21:01:02.632Z" },
]

[[package]]
name = "platformdirs"
version = "4.5.1"
source = { registry = "https://pypi.org/simple" }
sdist = { url = "https://files.pythonhosted.org/packages/cf/86/0248f086a84f01b37aaec0fa567b397df1a119f73c16f6c7a9aac73ea309/platformdirs-4.5.1.tar.gz", hash = "sha256:61d5cdcc6065745cdd94f0f878977f8de9437be93de97c1c12f853c9c0cdcbda", size = 21715, upload-time = "2025-12-05T13:52:58.638Z" }
wheels = [
    { url = "https://files.pythonhosted.org/packages/cb/28/3bfe2fa5a7b9c46fe7e13c97bda14c895fb10fa2ebf1d0abb90e0cea7ee1/platformdirs-4.5.1-py3-none-any.whl", hash = "sha256:d03afa3963c806a9bed9d5125c8f4cb2fdaf74a55ab60e5d59b3fde758104d31", size = 18731, upload-time = "2025-12-05T13:52:56.823Z" },
]

[[package]]
name = "pluggy"
version = "1.6.0"
source = { registry = "https://pypi.org/simple" }
sdist = { url = "https://files.pythonhosted.org/packages/f9/e2/3e91f31a7d2b083fe6ef3fa267035b518369d9511ffab804f839851d2779/pluggy-1.6.0.tar.gz", hash = "sha256:7dcc130b76258d33b90f61b658791dede3486c3e6bfb003ee5c9bfb396dd22f3", size = 69412, upload-time = "2025-05-15T12:30:07.975Z" }
wheels = [
    { url = "https://files.pythonhosted.org/packages/54/20/4d324d65cc6d9205fabedc306948156824eb9f0ee1633355a8f7ec5c66bf/pluggy-1.6.0-py3-none-any.whl", hash = "sha256:e920276dd6813095e9377c0bc5566d94c932c33b27a3e3945d8389c374dd4746", size = 20538, upload-time = "2025-05-15T12:30:06.134Z" },
]

[[package]]
name = "pygments"
version = "2.19.2"
source = { registry = "https://pypi.org/simple" }
sdist = { url = "https://files.pythonhosted.org/packages/b0/77/a5b8c569bf593b0140bde72ea885a803b82086995367bf2037de0159d924/pygments-2.19.2.tar.gz", hash = "sha256:636cb2477cec7f8952536970bc533bc43743542f70392ae026374600add5b887", size = 4968631, upload-time = "2025-06-21T13:39:12.283Z" }
wheels = [
    { url = "https://files.pythonhosted.org/packages/c7/21/705964c7812476f378728bdf590ca4b771ec72385c533964653c68e86bdc/pygments-2.19.2-py3-none-any.whl", hash = "sha256:86540386c03d588bb81d44bc3928634ff26449851e99741617ecb9037ee5ec0b", size = 1225217, upload-time = "2025-06-21T13:39:07.939Z" },
]

[[package]]
name = "pyinstaller"
version = "6.17.0"
source = { registry = "https://pypi.org/simple" }
dependencies = [
    { name = "altgraph" },
    { name = "macholib", marker = "sys_platform == 'darwin'" },
    { name = "packaging" },
    { name = "pefile", marker = "sys_platform == 'win32'" },
    { name = "pyinstaller-hooks-contrib" },
    { name = "pywin32-ctypes", marker = "sys_platform == 'win32'" },
    { name = "setuptools" },
]
sdist = { url = "https://files.pythonhosted.org/packages/01/80/9e0dad9c69a7cfd4b5aaede8c6225d762bab7247a2a6b7651e1995522001/pyinstaller-6.17.0.tar.gz", hash = "sha256:be372bd911392b88277e510940ac32a5c2a6ce4b8d00a311c78fa443f4f27313", size = 4014147, upload-time = "2025-11-24T19:43:32.109Z" }
wheels = [
    { url = "https://files.pythonhosted.org/packages/35/f5/37e419d84d5284ecab11ef8b61306a3b978fe6f0fd69a9541e16bfd72e65/pyinstaller-6.17.0-py3-none-macosx_10_13_universal2.whl", hash = "sha256:4e446b8030c6e5a2f712e3f82011ecf6c7ead86008357b0d23a0ec4bcde31dac", size = 1031880, upload-time = "2025-11-24T19:42:30.862Z" },
    { url = "https://files.pythonhosted.org/packages/9e/b6/2e184879ab9cf90a1d2867fdd34d507c4d246b3cc52ca05aad00bfc70ee7/pyinstaller-6.17.0-py3-none-manylinux2014_aarch64.whl", hash = "sha256:aa9fd87aaa28239c6f0d0210114029bd03f8cac316a90bab071a5092d7c85ad7", size = 731968, upload-time = "2025-11-24T19:42:35.421Z" },
    { url = "https://files.pythonhosted.org/packages/40/76/f529de98f7e5cce7904c19b224990003fc2267eda2ee5fdd8452acb420a9/pyinstaller-6.17.0-py3-none-manylinux2014_i686.whl", hash = "sha256:060b122e43e7c0b23e759a4153be34bd70914135ab955bb18a67181e0dca85a2", size = 743217, upload-time = "2025-11-24T19:42:39.286Z" },
    { url = "https://files.pythonhosted.org/packages/a3/10/c02bfbb050cafc4c353cf69baf95407e211e1372bd286ab5ce5cbc13a30a/pyinstaller-6.17.0-py3-none-manylinux2014_ppc64le.whl", hash = "sha256:cd213d1a545c97dfe4a3c40e8213ff7c5127fc115c49229f27a3fa541503444b", size = 741119, upload-time = "2025-11-24T19:42:43.12Z" },
    { url = "https://files.pythonhosted.org/packages/11/9d/69fdacfd9335695f5900a376cfe3e4aed28f0720ffc15fee81fdb9d920bc/pyinstaller-6.17.0-py3-none-manylinux2014_s390x.whl", hash = "sha256:89c0d18ba8b62c6607abd8cf2299ae5ffa5c36d8c47f39608ce8c3f357f6099f", size = 738111, upload-time = "2025-11-24T19:42:46.97Z" },
    { url = "https://files.pythonhosted.org/packages/5e/1e/e8e36e1568f6865ac706c6e1f875c1a346ddaa9f9a8f923d66545d2240ed/pyinstaller-6.17.0-py3-none-manylinux2014_x86_64.whl", hash = "sha256:2a147b83cdebb07855bd5a663600891550062373a2ca375c58eacead33741a27", size = 737795, upload-time = "2025-11-24T19:42:50.675Z" },
    { url = "https://files.pythonhosted.org/packages/8d/15/9dc0f81ccb746c27bfa6ee53164422fe47ee079c7a717d9c4791aba78797/pyinstaller-6.17.0-py3-none-musllinux_1_1_aarch64.whl", hash = "sha256:f8cfbbfa6708e54fb936df6dd6eafaf133e84efb0d2fe25b91cfeefa793c4ca4", size = 736891, upload-time = "2025-11-24T19:42:54.458Z" },
    { url = "https://files.pythonhosted.org/packages/97/e6/bed54821c1ebe1275c559661d3e7bfa23c406673b515252dfbf89db56c65/pyinstaller-6.17.0-py3-none-musllinux_1_1_x86_64.whl", hash = "sha256:97f4c1942f7b4cd73f9e38b49cc8f5f8a6fbb44922cb60dd3073a189b77ee1ae", size = 736752, upload-time = "2025-11-24T19:42:58.144Z" },
    { url = "https://files.pythonhosted.org/packages/c7/84/897d759198676b910d69d42640b6d25d50b449f2209e18127a974cf59dbe/pyinstaller-6.17.0-py3-none-win32.whl", hash = "sha256:ce0be227a037fd4be672226db709088565484f597d6b230bceec19850fdd4c85", size = 1317851, upload-time = "2025-11-24T19:43:04.361Z" },
    { url = "https://files.pythonhosted.org/packages/2d/f5/6a122efe024433ecc34aab6f499e0bd2bbe059c639b77b0045aa2421b0bf/pyinstaller-6.17.0-py3-none-win_amd64.whl", hash = "sha256:b019940dbf7a01489d6b26f9fb97db74b504e0a757010f7ad078675befc85a82", size = 1378685, upload-time = "2025-11-24T19:43:10.395Z" },
    { url = "https://files.pythonhosted.org/packages/c4/96/14991773c9e599707a53594429ccf372f9ee638df3b7d26b65fd1a7433f0/pyinstaller-6.17.0-py3-none-win_arm64.whl", hash = "sha256:3c92a335e338170df7e615f75279cfeea97ade89e6dd7694943c8c185460f7b7", size = 1320032, upload-time = "2025-11-24T19:43:16.388Z" },
]

[[package]]
name = "pyinstaller-hooks-contrib"
version = "2025.10"
source = { registry = "https://pypi.org/simple" }
dependencies = [
    { name = "packaging" },
    { name = "setuptools" },
]
sdist = { url = "https://files.pythonhosted.org/packages/26/4f/e33132acdb8f732978e577b8a0130a412cbfe7a3414605e3fd380a975522/pyinstaller_hooks_contrib-2025.10.tar.gz", hash = "sha256:a1a737e5c0dccf1cf6f19a25e2efd109b9fec9ddd625f97f553dac16ee884881", size = 168155, upload-time = "2025-11-22T09:34:36.138Z" }
wheels = [
    { url = "https://files.pythonhosted.org/packages/86/de/a7688eed49a1d3df337cdaa4c0d64e231309a52f269850a72051975e3c4a/pyinstaller_hooks_contrib-2025.10-py3-none-any.whl", hash = "sha256:aa7a378518772846221f63a84d6306d9827299323243db890851474dfd1231a9", size = 447760, upload-time = "2025-11-22T09:34:34.753Z" },
]

[[package]]
name = "pylint"
version = "4.0.4"
source = { registry = "https://pypi.org/simple" }
dependencies = [
    { name = "astroid" },
    { name = "colorama", marker = "sys_platform == 'win32'" },
    { name = "dill" },
    { name = "isort" },
    { name = "mccabe" },
    { name = "platformdirs" },
    { name = "tomlkit" },
]
sdist = { url = "https://files.pythonhosted.org/packages/5a/d2/b081da1a8930d00e3fc06352a1d449aaf815d4982319fab5d8cdb2e9ab35/pylint-4.0.4.tar.gz", hash = "sha256:d9b71674e19b1c36d79265b5887bf8e55278cbe236c9e95d22dc82cf044fdbd2", size = 1571735, upload-time = "2025-11-30T13:29:04.315Z" }
wheels = [
    { url = "https://files.pythonhosted.org/packages/a6/92/d40f5d937517cc489ad848fc4414ecccc7592e4686b9071e09e64f5e378e/pylint-4.0.4-py3-none-any.whl", hash = "sha256:63e06a37d5922555ee2c20963eb42559918c20bd2b21244e4ef426e7c43b92e0", size = 536425, upload-time = "2025-11-30T13:29:02.53Z" },
]

[[package]]
name = "pytest"
version = "9.0.2"
source = { registry = "https://pypi.org/simple" }
dependencies = [
    { name = "colorama", marker = "sys_platform == 'win32'" },
    { name = "iniconfig" },
    { name = "packaging" },
    { name = "pluggy" },
    { name = "pygments" },
]
sdist = { url = "https://files.pythonhosted.org/packages/d1/db/7ef3487e0fb0049ddb5ce41d3a49c235bf9ad299b6a25d5780a89f19230f/pytest-9.0.2.tar.gz", hash = "sha256:75186651a92bd89611d1d9fc20f0b4345fd827c41ccd5c299a868a05d70edf11", size = 1568901, upload-time = "2025-12-06T21:30:51.014Z" }
wheels = [
    { url = "https://files.pythonhosted.org/packages/3b/ab/b3226f0bd7cdcf710fbede2b3548584366da3b19b5021e74f5bde2a8fa3f/pytest-9.0.2-py3-none-any.whl", hash = "sha256:711ffd45bf766d5264d487b917733b453d917afd2b0ad65223959f59089f875b", size = 374801, upload-time = "2025-12-06T21:30:49.154Z" },
]

[[package]]
name = "pywin32-ctypes"
version = "0.2.3"
source = { registry = "https://pypi.org/simple" }
sdist = { url = "https://files.pythonhosted.org/packages/85/9f/01a1a99704853cb63f253eea009390c88e7131c67e66a0a02099a8c917cb/pywin32-ctypes-0.2.3.tar.gz", hash = "sha256:d162dc04946d704503b2edc4d55f3dba5c1d539ead017afa00142c38b9885755", size = 29471, upload-time = "2024-08-14T10:15:34.626Z" }
wheels = [
    { url = "https://files.pythonhosted.org/packages/de/3d/8161f7711c017e01ac9f008dfddd9410dff3674334c233bde66e7ba65bbf/pywin32_ctypes-0.2.3-py3-none-any.whl", hash = "sha256:8a1513379d709975552d202d942d9837758905c8d01eb82b8bcc30918929e7b8", size = 30756, upload-time = "2024-08-14T10:15:33.187Z" },
]

[[package]]
name = "setuptools"
version = "80.9.0"
source = { registry = "https://pypi.org/simple" }
sdist = { url = "https://files.pythonhosted.org/packages/18/5d/3bf57dcd21979b887f014ea83c24ae194cfcd12b9e0fda66b957c69d1fca/setuptools-80.9.0.tar.gz", hash = "sha256:f36b47402ecde768dbfafc46e8e4207b4360c654f1f3bb84475f0a28628fb19c", size = 1319958, upload-time = "2025-05-27T00:56:51.443Z" }
wheels = [
    { url = "https://files.pythonhosted.org/packages/a3/dc/17031897dae0efacfea57dfd3a82fdd2a2aeb58e0ff71b77b87e44edc772/setuptools-80.9.0-py3-none-any.whl", hash = "sha256:062d34222ad13e0cc312a4c02d73f059e86a4acbfbdea8f8f76b28c99f306922", size = 1201486, upload-time = "2025-05-27T00:56:49.664Z" },
]

[[package]]
name = "termcolor"
version = "3.2.0"
source = { registry = "https://pypi.org/simple" }
sdist = { url = "https://files.pythonhosted.org/packages/87/56/ab275c2b56a5e2342568838f0d5e3e66a32354adcc159b495e374cda43f5/termcolor-3.2.0.tar.gz", hash = "sha256:610e6456feec42c4bcd28934a8c87a06c3fa28b01561d46aa09a9881b8622c58", size = 14423, upload-time = "2025-10-25T19:11:42.586Z" }
wheels = [
    { url = "https://files.pythonhosted.org/packages/f9/d5/141f53d7c1eb2a80e6d3e9a390228c3222c27705cbe7f048d3623053f3ca/termcolor-3.2.0-py3-none-any.whl", hash = "sha256:a10343879eba4da819353c55cb8049b0933890c2ebf9ad5d3ecd2bb32ea96ea6", size = 7698, upload-time = "2025-10-25T19:11:41.536Z" },
]

[[package]]
name = "tomlkit"
version = "0.13.3"
source = { registry = "https://pypi.org/simple" }
sdist = { url = "https://files.pythonhosted.org/packages/cc/18/0bbf3884e9eaa38819ebe46a7bd25dcd56b67434402b66a58c4b8e552575/tomlkit-0.13.3.tar.gz", hash = "sha256:430cf247ee57df2b94ee3fbe588e71d362a941ebb545dec29b53961d61add2a1", size = 185207, upload-time = "2025-06-05T07:13:44.947Z" }
wheels = [
    { url = "https://files.pythonhosted.org/packages/bd/75/8539d011f6be8e29f339c42e633aae3cb73bffa95dd0f9adec09b9c58e85/tomlkit-0.13.3-py3-none-any.whl", hash = "sha256:c89c649d79ee40629a9fda55f8ace8c6a1b42deb912b2a8fd8d942ddadb606b0", size = 38901, upload-time = "2025-06-05T07:13:43.546Z" },
]
